
Microsoft Visual Studio Solution File, Format Version 12.00
# Visual Studio Version 17
VisualStudioVersion = 17.14.36414.22 d17.14
MinimumVisualStudioVersion = 10.0.40219.1
Project("{FAE04EC0-301F-11D3-BF4B-00C04F79EFBC}") = "Cobranca.PortalWeb", "Cobranca.PortalWeb.csproj", "{59397B95-8C4B-44B0-BF37-65CA1F622642}"
EndProject
Global
	GlobalSection(SolutionConfigurationPlatforms) = preSolution
		Debug|Any CPU = Debug|Any CPU
		Release|Any CPU = Release|Any CPU
	EndGlobalSection
	GlobalSection(ProjectConfigurationPlatforms) = postSolution
		{59397B95-8C4B-44B0-BF37-65CA1F622642}.Debug|Any CPU.ActiveCfg = Debug|Any CPU
		{59397B95-8C4B-44B0-BF37-65CA1F622642}.Debug|Any CPU.Build.0 = Debug|Any CPU
		{59397B95-8C4B-44B0-BF37-65CA1F622642}.Release|Any CPU.ActiveCfg = Release|Any CPU
		{59397B95-8C4B-44B0-BF37-65CA1F622642}.Release|Any CPU.Build.0 = Release|Any CPU
	EndGlobalSection
	GlobalSection(SolutionProperties) = preSolution
		HideSolutionNode = FALSE
	EndGlobalSection
	GlobalSection(ExtensibilityGlobals) = postSolution
		SolutionGuid = {3278DF4C-82A7-4E3C-865D-1EBCB1A3CE32}
	EndGlobalSection
EndGlobal
